
Microsoft Visual Studio Solution File, Format Version 12.00
# Visual Studio Version 17
VisualStudioVersion = 17.14.36915.13 d17.14
MinimumVisualStudioVersion = 10.0.40219.1
Project("{FAE04EC0-301F-11D3-BF4B-00C04F79EFBC}") = "CybersecurityChatbot", "CybersecurityChatbot\CybersecurityChatbot.csproj", "{AD5D8E63-A872-4907-968F-2C52110C5C34}"
EndProject
Global
	GlobalSection(SolutionConfigurationPlatforms) = preSolution
		Debug|Any CPU = Debug|Any CPU
		Release|Any CPU = Release|Any CPU
	EndGlobalSection
	GlobalSection(ProjectConfigurationPlatforms) = postSolution
		{AD5D8E63-A872-4907-968F-2C52110C5C34}.Debug|Any CPU.ActiveCfg = Debug|Any CPU
		{AD5D8E63-A872-4907-968F-2C52110C5C34}.Debug|Any CPU.Build.0 = Debug|Any CPU
		{AD5D8E63-A872-4907-968F-2C52110C5C34}.Release|Any CPU.ActiveCfg = Release|Any CPU
		{AD5D8E63-A872-4907-968F-2C52110C5C34}.Release|Any CPU.Build.0 = Release|Any CPU
	EndGlobalSection
	GlobalSection(SolutionProperties) = preSolution
		HideSolutionNode = FALSE
	EndGlobalSection
	GlobalSection(ExtensibilityGlobals) = postSolution
		SolutionGuid = {4BC111E0-E658-40E3-8FD0-AFE1DAFFF2EC}
	EndGlobalSection
EndGlobal
